
Microsoft Visual Studio Solution File, Format Version 12.00
# Visual Studio Version 16
VisualStudioVersion = 16.0.29519.181
MinimumVisualStudioVersion = 10.0.40219.1
Project("{9A19103F-16F7-4668-BE54-9A1E7A4F7556}") = "FSF.Thullo.Api", "FSF.Thullo.Api\FSF.Thullo.Api.csproj", "{3D46F41F-DC26-4358-A8A9-E671B62A24D9}"
EndProject
Project("{9A19103F-16F7-4668-BE54-9A1E7A4F7556}") = "FSF.Thullo.Core", "FSF.Thullo.Core\FSF.Thullo.Core.csproj", "{AA5AADFF-A37A-438C-984B-8FF863D41234}"
EndProject
Project("{9A19103F-16F7-4668-BE54-9A1E7A4F7556}") = "FSF.Thullo.Infrastructure", "FSF.Thullo.Infrastructure\FSF.Thullo.Infrastructure.csproj", "{9A03A317-B26A-4849-B31E-C5547B62343A}"
EndProject
Project("{00D1A9C2-B5F0-4AF3-8072-F6C62B433612}") = "FSF.Thullo.Data", "FSF.Thullo.Data\FSF.Thullo.Data.sqlproj", "{DC9A997A-145A-48B9-95B6-1B4887675246}"
EndProject
Project("{FAE04EC0-301F-11D3-BF4B-00C04F79EFBC}") = "FSF.Thullo.Tests.Unit", "FSF.Thullo.Tests.Unit\FSF.Thullo.Tests.Unit.csproj", "{E0FDE1E4-84B7-42DD-A19A-398378B1090A}"
EndProject
Project("{2150E333-8FDC-42A3-9474-1A3956D46DE8}") = "Tests", "Tests", "{BC97D0EA-8959-4C0A-AA57-C5312F154CB0}"
EndProject
Global
	GlobalSection(SolutionConfigurationPlatforms) = preSolution
		Debug|Any CPU = Debug|Any CPU
		Release|Any CPU = Release|Any CPU
	EndGlobalSection
	GlobalSection(ProjectConfigurationPlatforms) = postSolution
		{3D46F41F-DC26-4358-A8A9-E671B62A24D9}.Debug|Any CPU.ActiveCfg = Debug|Any CPU
		{3D46F41F-DC26-4358-A8A9-E671B62A24D9}.Debug|Any CPU.Build.0 = Debug|Any CPU
		{3D46F41F-DC26-4358-A8A9-E671B62A24D9}.Release|Any CPU.ActiveCfg = Release|Any CPU
		{3D46F41F-DC26-4358-A8A9-E671B62A24D9}.Release|Any CPU.Build.0 = Release|Any CPU
		{AA5AADFF-A37A-438C-984B-8FF863D41234}.Debug|Any CPU.ActiveCfg = Debug|Any CPU
		{AA5AADFF-A37A-438C-984B-8FF863D41234}.Debug|Any CPU.Build.0 = Debug|Any CPU
		{AA5AADFF-A37A-438C-984B-8FF863D41234}.Release|Any CPU.ActiveCfg = Release|Any CPU
		{AA5AADFF-A37A-438C-984B-8FF863D41234}.Release|Any CPU.Build.0 = Release|Any CPU
		{9A03A317-B26A-4849-B31E-C5547B62343A}.Debug|Any CPU.ActiveCfg = Debug|Any CPU
		{9A03A317-B26A-4849-B31E-C5547B62343A}.Debug|Any CPU.Build.0 = Debug|Any CPU
		{9A03A317-B26A-4849-B31E-C5547B62343A}.Release|Any CPU.ActiveCfg = Release|Any CPU
		{9A03A317-B26A-4849-B31E-C5547B62343A}.Release|Any CPU.Build.0 = Release|Any CPU
		{DC9A997A-145A-48B9-95B6-1B4887675246}.Debug|Any CPU.ActiveCfg = Debug|Any CPU
		{DC9A997A-145A-48B9-95B6-1B4887675246}.Debug|Any CPU.Build.0 = Debug|Any CPU
		{DC9A997A-145A-48B9-95B6-1B4887675246}.Debug|Any CPU.Deploy.0 = Debug|Any CPU
		{DC9A997A-145A-48B9-95B6-1B4887675246}.Release|Any CPU.ActiveCfg = Release|Any CPU
		{DC9A997A-145A-48B9-95B6-1B4887675246}.Release|Any CPU.Build.0 = Release|Any CPU
		{DC9A997A-145A-48B9-95B6-1B4887675246}.Release|Any CPU.Deploy.0 = Release|Any CPU
		{E0FDE1E4-84B7-42DD-A19A-398378B1090A}.Debug|Any CPU.ActiveCfg = Debug|Any CPU
		{E0FDE1E4-84B7-42DD-A19A-398378B1090A}.Debug|Any CPU.Build.0 = Debug|Any CPU
		{E0FDE1E4-84B7-42DD-A19A-398378B1090A}.Release|Any CPU.ActiveCfg = Release|Any CPU
		{E0FDE1E4-84B7-42DD-A19A-398378B1090A}.Release|Any CPU.Build.0 = Release|Any CPU
	EndGlobalSection
	GlobalSection(SolutionProperties) = preSolution
		HideSolutionNode = FALSE
	EndGlobalSection
	GlobalSection(NestedProjects) = preSolution
		{E0FDE1E4-84B7-42DD-A19A-398378B1090A} = {BC97D0EA-8959-4C0A-AA57-C5312F154CB0}
	EndGlobalSection
	GlobalSection(ExtensibilityGlobals) = postSolution
		SolutionGuid = {BA9E77B5-186A-4F37-9926-E797FB4DD2FC}
	EndGlobalSection
EndGlobal
